
Microsoft Visual Studio Solution File, Format Version 12.00
# Visual Studio Version 17
VisualStudioVersion = 17.3.32804.467
MinimumVisualStudioVersion = 10.0.40219.1
Project("{9A19103F-16F7-4668-BE54-9A1E7A4F7556}") = "Homework_13", "Homework_13\Homework_13.csproj", "{5167F3BF-AB58-4B62-BEF5-2B90C6EFC552}"
EndProject
Project("{FAE04EC0-301F-11D3-BF4B-00C04F79EFBC}") = "ForExperiments", "ForExperiments\ForExperiments.csproj", "{6D0E81CA-1B67-49AD-8F60-451904F5D5DD}"
EndProject
Project("{9A19103F-16F7-4668-BE54-9A1E7A4F7556}") = "BankDAL", "BankDAL\BankDAL.csproj", "{CB09741C-AD9B-40DC-9920-BC2648D03F62}"
EndProject
Project("{2150E333-8FDC-42A3-9474-1A3956D46DE8}") = "Core", "Core", "{0CBF0465-57E7-4CA5-9ACA-F8C92242C419}"
EndProject
Project("{9A19103F-16F7-4668-BE54-9A1E7A4F7556}") = "Bank.Domain", "Bank.Domain\Bank.Domain.csproj", "{9DBE0981-ACA0-432A-B224-C1F3EC0D8C2C}"
EndProject
Project("{9A19103F-16F7-4668-BE54-9A1E7A4F7556}") = "Bank.Application", "Bank.Application\Bank.Application.csproj", "{01025929-18A0-41AF-8C40-940F7ABAA0DA}"
EndProject
Project("{2150E333-8FDC-42A3-9474-1A3956D46DE8}") = "Infrastructure", "Infrastructure", "{38C1E94B-ED26-4015-AADD-AE15FF84F580}"
EndProject
Project("{9A19103F-16F7-4668-BE54-9A1E7A4F7556}") = "Bank.DAL", "Bank.DAL\Bank.DAL.csproj", "{3F7A1601-3733-4EB2-9BA6-DCE0755C16E1}"
EndProject
Project("{FAE04EC0-301F-11D3-BF4B-00C04F79EFBC}") = "ClientForInfrastructure", "ClientForInfrastructure\ClientForInfrastructure.csproj", "{B322DB6E-5433-4401-A962-1B20649936FA}"
EndProject
Global
	GlobalSection(SolutionConfigurationPlatforms) = preSolution
		Debug|Any CPU = Debug|Any CPU
		Release|Any CPU = Release|Any CPU
	EndGlobalSection
	GlobalSection(ProjectConfigurationPlatforms) = postSolution
		{5167F3BF-AB58-4B62-BEF5-2B90C6EFC552}.Debug|Any CPU.ActiveCfg = Debug|Any CPU
		{5167F3BF-AB58-4B62-BEF5-2B90C6EFC552}.Debug|Any CPU.Build.0 = Debug|Any CPU
		{5167F3BF-AB58-4B62-BEF5-2B90C6EFC552}.Release|Any CPU.ActiveCfg = Release|Any CPU
		{5167F3BF-AB58-4B62-BEF5-2B90C6EFC552}.Release|Any CPU.Build.0 = Release|Any CPU
		{6D0E81CA-1B67-49AD-8F60-451904F5D5DD}.Debug|Any CPU.ActiveCfg = Debug|Any CPU
		{6D0E81CA-1B67-49AD-8F60-451904F5D5DD}.Debug|Any CPU.Build.0 = Debug|Any CPU
		{6D0E81CA-1B67-49AD-8F60-451904F5D5DD}.Release|Any CPU.ActiveCfg = Release|Any CPU
		{6D0E81CA-1B67-49AD-8F60-451904F5D5DD}.Release|Any CPU.Build.0 = Release|Any CPU
		{CB09741C-AD9B-40DC-9920-BC2648D03F62}.Debug|Any CPU.ActiveCfg = Debug|Any CPU
		{CB09741C-AD9B-40DC-9920-BC2648D03F62}.Debug|Any CPU.Build.0 = Debug|Any CPU
		{CB09741C-AD9B-40DC-9920-BC2648D03F62}.Release|Any CPU.ActiveCfg = Release|Any CPU
		{CB09741C-AD9B-40DC-9920-BC2648D03F62}.Release|Any CPU.Build.0 = Release|Any CPU
		{9DBE0981-ACA0-432A-B224-C1F3EC0D8C2C}.Debug|Any CPU.ActiveCfg = Debug|Any CPU
		{9DBE0981-ACA0-432A-B224-C1F3EC0D8C2C}.Debug|Any CPU.Build.0 = Debug|Any CPU
		{9DBE0981-ACA0-432A-B224-C1F3EC0D8C2C}.Release|Any CPU.ActiveCfg = Release|Any CPU
		{9DBE0981-ACA0-432A-B224-C1F3EC0D8C2C}.Release|Any CPU.Build.0 = Release|Any CPU
		{01025929-18A0-41AF-8C40-940F7ABAA0DA}.Debug|Any CPU.ActiveCfg = Debug|Any CPU
		{01025929-18A0-41AF-8C40-940F7ABAA0DA}.Debug|Any CPU.Build.0 = Debug|Any CPU
		{01025929-18A0-41AF-8C40-940F7ABAA0DA}.Release|Any CPU.ActiveCfg = Release|Any CPU
		{01025929-18A0-41AF-8C40-940F7ABAA0DA}.Release|Any CPU.Build.0 = Release|Any CPU
		{3F7A1601-3733-4EB2-9BA6-DCE0755C16E1}.Debug|Any CPU.ActiveCfg = Debug|Any CPU
		{3F7A1601-3733-4EB2-9BA6-DCE0755C16E1}.Debug|Any CPU.Build.0 = Debug|Any CPU
		{3F7A1601-3733-4EB2-9BA6-DCE0755C16E1}.Release|Any CPU.ActiveCfg = Release|Any CPU
		{3F7A1601-3733-4EB2-9BA6-DCE0755C16E1}.Release|Any CPU.Build.0 = Release|Any CPU
		{B322DB6E-5433-4401-A962-1B20649936FA}.Debug|Any CPU.ActiveCfg = Debug|Any CPU
		{B322DB6E-5433-4401-A962-1B20649936FA}.Debug|Any CPU.Build.0 = Debug|Any CPU
		{B322DB6E-5433-4401-A962-1B20649936FA}.Release|Any CPU.ActiveCfg = Release|Any CPU
		{B322DB6E-5433-4401-A962-1B20649936FA}.Release|Any CPU.Build.0 = Release|Any CPU
	EndGlobalSection
	GlobalSection(SolutionProperties) = preSolution
		HideSolutionNode = FALSE
	EndGlobalSection
	GlobalSection(NestedProjects) = preSolution
		{9DBE0981-ACA0-432A-B224-C1F3EC0D8C2C} = {0CBF0465-57E7-4CA5-9ACA-F8C92242C419}
		{01025929-18A0-41AF-8C40-940F7ABAA0DA} = {0CBF0465-57E7-4CA5-9ACA-F8C92242C419}
		{3F7A1601-3733-4EB2-9BA6-DCE0755C16E1} = {38C1E94B-ED26-4015-AADD-AE15FF84F580}
	EndGlobalSection
	GlobalSection(ExtensibilityGlobals) = postSolution
		SolutionGuid = {753A4BDE-A43D-497F-A98F-4341169C5681}
	EndGlobalSection
EndGlobal
