
Microsoft Visual Studio Solution File, Format Version 12.00
# Visual Studio Version 17
VisualStudioVersion = 17.3.32804.467
MinimumVisualStudioVersion = 10.0.40219.1
Project("{9A19103F-16F7-4668-BE54-9A1E7A4F7556}") = "Homework_13", "Homework_13\Homework_13.csproj", "{5167F3BF-AB58-4B62-BEF5-2B90C6EFC552}"
EndProject
Project("{2150E333-8FDC-42A3-9474-1A3956D46DE8}") = "Core", "Core", "{0CBF0465-57E7-4CA5-9ACA-F8C92242C419}"
EndProject
Project("{9A19103F-16F7-4668-BE54-9A1E7A4F7556}") = "Bank.Domain", "Bank.Domain\Bank.Domain.csproj", "{9DBE0981-ACA0-432A-B224-C1F3EC0D8C2C}"
EndProject
Project("{9A19103F-16F7-4668-BE54-9A1E7A4F7556}") = "Bank.Application", "Bank.Application\Bank.Application.csproj", "{01025929-18A0-41AF-8C40-940F7ABAA0DA}"
EndProject
Project("{2150E333-8FDC-42A3-9474-1A3956D46DE8}") = "Infrastructure", "Infrastructure", "{38C1E94B-ED26-4015-AADD-AE15FF84F580}"
EndProject
Project("{9A19103F-16F7-4668-BE54-9A1E7A4F7556}") = "Bank.DAL", "Bank.DAL\Bank.DAL.csproj", "{3F7A1601-3733-4EB2-9BA6-DCE0755C16E1}"
EndProject
Project("{2150E333-8FDC-42A3-9474-1A3956D46DE8}") = "Presentation", "Presentation", "{26462D8A-86CE-4696-9FBD-CF007E08F8DC}"
EndProject
Project("{2150E333-8FDC-42A3-9474-1A3956D46DE8}") = "Tests", "Tests", "{CB4D841C-6A62-410C-8144-465E0740AFCC}"
EndProject
Project("{9A19103F-16F7-4668-BE54-9A1E7A4F7556}") = "WebServer", "WebServer\WebServer.csproj", "{4FC7D7C3-B5CC-43DB-90CC-7A4EB30A3B22}"
EndProject
Project("{9A19103F-16F7-4668-BE54-9A1E7A4F7556}") = "ConsoleApplication", "ConsoleApplication\ConsoleApplication.csproj", "{4F5AABDD-4EE0-447B-9E57-CD1DE0F7F035}"
EndProject
Global
	GlobalSection(SolutionConfigurationPlatforms) = preSolution
		Debug|Any CPU = Debug|Any CPU
		Release|Any CPU = Release|Any CPU
	EndGlobalSection
	GlobalSection(ProjectConfigurationPlatforms) = postSolution
		{5167F3BF-AB58-4B62-BEF5-2B90C6EFC552}.Debug|Any CPU.ActiveCfg = Debug|Any CPU
		{5167F3BF-AB58-4B62-BEF5-2B90C6EFC552}.Debug|Any CPU.Build.0 = Debug|Any CPU
		{5167F3BF-AB58-4B62-BEF5-2B90C6EFC552}.Release|Any CPU.ActiveCfg = Release|Any CPU
		{5167F3BF-AB58-4B62-BEF5-2B90C6EFC552}.Release|Any CPU.Build.0 = Release|Any CPU
		{9DBE0981-ACA0-432A-B224-C1F3EC0D8C2C}.Debug|Any CPU.ActiveCfg = Debug|Any CPU
		{9DBE0981-ACA0-432A-B224-C1F3EC0D8C2C}.Debug|Any CPU.Build.0 = Debug|Any CPU
		{9DBE0981-ACA0-432A-B224-C1F3EC0D8C2C}.Release|Any CPU.ActiveCfg = Release|Any CPU
		{9DBE0981-ACA0-432A-B224-C1F3EC0D8C2C}.Release|Any CPU.Build.0 = Release|Any CPU
		{01025929-18A0-41AF-8C40-940F7ABAA0DA}.Debug|Any CPU.ActiveCfg = Debug|Any CPU
		{01025929-18A0-41AF-8C40-940F7ABAA0DA}.Debug|Any CPU.Build.0 = Debug|Any CPU
		{01025929-18A0-41AF-8C40-940F7ABAA0DA}.Release|Any CPU.ActiveCfg = Release|Any CPU
		{01025929-18A0-41AF-8C40-940F7ABAA0DA}.Release|Any CPU.Build.0 = Release|Any CPU
		{3F7A1601-3733-4EB2-9BA6-DCE0755C16E1}.Debug|Any CPU.ActiveCfg = Debug|Any CPU
		{3F7A1601-3733-4EB2-9BA6-DCE0755C16E1}.Debug|Any CPU.Build.0 = Debug|Any CPU
		{3F7A1601-3733-4EB2-9BA6-DCE0755C16E1}.Release|Any CPU.ActiveCfg = Release|Any CPU
		{3F7A1601-3733-4EB2-9BA6-DCE0755C16E1}.Release|Any CPU.Build.0 = Release|Any CPU
		{4FC7D7C3-B5CC-43DB-90CC-7A4EB30A3B22}.Debug|Any CPU.ActiveCfg = Debug|Any CPU
		{4FC7D7C3-B5CC-43DB-90CC-7A4EB30A3B22}.Debug|Any CPU.Build.0 = Debug|Any CPU
		{4FC7D7C3-B5CC-43DB-90CC-7A4EB30A3B22}.Release|Any CPU.ActiveCfg = Release|Any CPU
		{4FC7D7C3-B5CC-43DB-90CC-7A4EB30A3B22}.Release|Any CPU.Build.0 = Release|Any CPU
		{4F5AABDD-4EE0-447B-9E57-CD1DE0F7F035}.Debug|Any CPU.ActiveCfg = Debug|Any CPU
		{4F5AABDD-4EE0-447B-9E57-CD1DE0F7F035}.Debug|Any CPU.Build.0 = Debug|Any CPU
		{4F5AABDD-4EE0-447B-9E57-CD1DE0F7F035}.Release|Any CPU.ActiveCfg = Release|Any CPU
		{4F5AABDD-4EE0-447B-9E57-CD1DE0F7F035}.Release|Any CPU.Build.0 = Release|Any CPU
	EndGlobalSection
	GlobalSection(SolutionProperties) = preSolution
		HideSolutionNode = FALSE
	EndGlobalSection
	GlobalSection(NestedProjects) = preSolution
		{5167F3BF-AB58-4B62-BEF5-2B90C6EFC552} = {26462D8A-86CE-4696-9FBD-CF007E08F8DC}
		{9DBE0981-ACA0-432A-B224-C1F3EC0D8C2C} = {0CBF0465-57E7-4CA5-9ACA-F8C92242C419}
		{01025929-18A0-41AF-8C40-940F7ABAA0DA} = {0CBF0465-57E7-4CA5-9ACA-F8C92242C419}
		{3F7A1601-3733-4EB2-9BA6-DCE0755C16E1} = {38C1E94B-ED26-4015-AADD-AE15FF84F580}
		{4F5AABDD-4EE0-447B-9E57-CD1DE0F7F035} = {CB4D841C-6A62-410C-8144-465E0740AFCC}
	EndGlobalSection
	GlobalSection(ExtensibilityGlobals) = postSolution
		SolutionGuid = {753A4BDE-A43D-497F-A98F-4341169C5681}
	EndGlobalSection
EndGlobal
